
Microsoft Visual Studio Solution File, Format Version 12.00
# Visual Studio Version 17
VisualStudioVersion = 17.1.32421.90
MinimumVisualStudioVersion = 10.0.40219.1
Project("{FAE04EC0-301F-11D3-BF4B-00C04F79EFBC}") = "myServices", "myServices.csproj", "{D86713FF-7F9E-4F54-8523-1AA91BF9FC27}"
EndProject
Global
	GlobalSection(SolutionConfigurationPlatforms) = preSolution
		Debug|Any CPU = Debug|Any CPU
		Release|Any CPU = Release|Any CPU
	EndGlobalSection
	GlobalSection(ProjectConfigurationPlatforms) = postSolution
		{D86713FF-7F9E-4F54-8523-1AA91BF9FC27}.Debug|Any CPU.ActiveCfg = Debug|Any CPU
		{D86713FF-7F9E-4F54-8523-1AA91BF9FC27}.Debug|Any CPU.Build.0 = Debug|Any CPU
		{D86713FF-7F9E-4F54-8523-1AA91BF9FC27}.Release|Any CPU.ActiveCfg = Release|Any CPU
		{D86713FF-7F9E-4F54-8523-1AA91BF9FC27}.Release|Any CPU.Build.0 = Release|Any CPU
	EndGlobalSection
	GlobalSection(SolutionProperties) = preSolution
		HideSolutionNode = FALSE
	EndGlobalSection
	GlobalSection(ExtensibilityGlobals) = postSolution
		SolutionGuid = {C59E3E37-04E9-4D7B-9041-3A718E7B3321}
	EndGlobalSection
EndGlobal
